<?xml version="1.0" encoding="utf-8"?>
<Project ToolsVersion="4.0" xmlns="http://schemas.microsoft.com/developer/msbuild/2003">
  <ItemGroup>
    <ClCompile Include="src\scene\Scene.cpp" />
    <ClCompile Include="src\core\Application.cpp" />
    <ClCompile Include="src\core\Time.cpp" />
    <ClCompile Include="src\core\Window.cpp" />
    <ClCompile Include="src\ecs\ECS.cpp" />
    <ClCompile Include="src\ecs\EntityManager.cpp" />
    <ClCompile Include="src\input\InputManager.cpp" />
    <ClCompile Include="src\logger\Logger.cpp" />
    <ClCompile Include="src\rendering\Renderer.cpp" />
    <ClCompile Include="src\resources\ResourceManager.cpp" />
    <ClCompile Include="src\resources\Sprite.cpp" />
    <ClCompile Include="src\util\Random.cpp" />
    <ClCompile Include="src\scene\SceneManager.cpp" />
  </ItemGroup>
  <ItemGroup>
    <ClInclude Include="include\core\Application.h" />
    <ClInclude Include="include\core\Time.h" />
    <ClInclude Include="include\core\Window.h" />
    <ClInclude Include="include\datastructures\PackedArray.h" />
    <ClInclude Include="include\ecs\ComponentManager.h" />
    <ClInclude Include="include\ecs\components\Components.h" />
    <ClInclude Include="include\ecs\components\SpriteComponent.h" />
    <ClInclude Include="include\ecs\components\TransformComponent.h" />
    <ClInclude Include="include\ecs\ECS.h" />
    <ClInclude Include="include\ecs\ECS_Definitions.h" />
    <ClInclude Include="include\ecs\EntityManager.h" />
    <ClInclude Include="include\ecs\SystemManager.h" />
    <ClInclude Include="include\ecs\systems\SpriteRendererSystem.h" />
    <ClInclude Include="include\ecs\systems\Systems.h" />
    <ClInclude Include="include\eventsystem\EventSystem.h" />
    <ClInclude Include="include\input\InputManager.h" />
    <ClInclude Include="include\io\ISerializable.h" />
    <ClInclude Include="include\logger\Logger.h" />
    <ClInclude Include="include\rendering\Renderer.h" />
    <ClInclude Include="include\resources\ResourceManager.h" />
    <ClInclude Include="include\resources\Sprite.h" />
    <ClInclude Include="include\util\Bit.h" />
    <ClInclude Include="include\util\Random.h" />
    <ClInclude Include="include\scene\Scene.h" />
    <ClInclude Include="include\util\Types.h" />
    <ClInclude Include="include\scene\SceneManager.h" />
  </ItemGroup>
</Project>